
Microsoft Visual Studio Solution File, Format Version 11.00
# Visual Studio 2010
Project("{8BC9CEB8-8B4A-11D0-8D11-00A0C91BC942}") = "SequentialSimulator", "SequentialSimulator\SequentialSimulator.vcxproj", "{4ADE0583-E690-43C9-BF25-A5BDA678612A}"
EndProject
Project("{8BC9CEB8-8B4A-11D0-8D11-00A0C91BC942}") = "Call_Sim", "Call_Sim\Call_Sim.vcxproj", "{C8AF142C-4E53-4B0E-8ABE-75F348AD7480}"
EndProject
Global
	GlobalSection(SubversionScc) = preSolution
		Svn-Managed = True
		Manager = AnkhSVN - Subversion Support for Visual Studio
	EndGlobalSection
	GlobalSection(SolutionConfigurationPlatforms) = preSolution
		Debug|Win32 = Debug|Win32
		Release|Win32 = Release|Win32
	EndGlobalSection
	GlobalSection(ProjectConfigurationPlatforms) = postSolution
		{4ADE0583-E690-43C9-BF25-A5BDA678612A}.Debug|Win32.ActiveCfg = Debug|Win32
		{4ADE0583-E690-43C9-BF25-A5BDA678612A}.Debug|Win32.Build.0 = Debug|Win32
		{4ADE0583-E690-43C9-BF25-A5BDA678612A}.Release|Win32.ActiveCfg = Release|Win32
		{4ADE0583-E690-43C9-BF25-A5BDA678612A}.Release|Win32.Build.0 = Release|Win32
		{C8AF142C-4E53-4B0E-8ABE-75F348AD7480}.Debug|Win32.ActiveCfg = Debug|Win32
		{C8AF142C-4E53-4B0E-8ABE-75F348AD7480}.Debug|Win32.Build.0 = Debug|Win32
		{C8AF142C-4E53-4B0E-8ABE-75F348AD7480}.Release|Win32.ActiveCfg = Release|Win32
		{C8AF142C-4E53-4B0E-8ABE-75F348AD7480}.Release|Win32.Build.0 = Release|Win32
	EndGlobalSection
	GlobalSection(SolutionProperties) = preSolution
		HideSolutionNode = FALSE
	EndGlobalSection
EndGlobal
